lockfileVersion: '9.0'

settings:
  autoInstallPeers: true
  excludeLinksFromLockfile: false

importers:

  .:
    dependencies:
      '@minify-html/node':
        specifier: ^0.15.0
        version: 0.15.0
      chalk:
        specifier: 4.1.2
        version: 4.1.2
      handlebars:
        specifier: ^4.7.8
        version: 4.7.8
      yaml:
        specifier: ^2.7.1
        version: 2.7.1

packages:

  '@minify-html/node-darwin-x64@0.15.0':
    resolution: {integrity: sha512-D9M9UDku/8I5VEMS0gTLFFQK1DFXK8io+QZvR5cbya4u8NmdDQix/t3EyCR4Wgv/Gfk86gwIS+zfMSvuKcpb5A==}
    cpu: [x64]
    os: [darwin]

  '@minify-html/node-linux-x64@0.15.0':
    resolution: {integrity: sha512-cO893EV6O9ZHUFX+2Yge546OCo/eCiatjzJDmUmrPP56fQ7pzTRquHs4ko3t8Rg6tMKG7RT49mBuF09JWPnrgg==}
    cpu: [x64]
    os: [linux]

  '@minify-html/node-win32-x64@0.15.0':
    resolution: {integrity: sha512-n92IFdtntchlUtyrq13pRI8TT3sOddbzuo4EPTSeocuTJMXaR77v0JYDu0fIjxXNawgGq6nBEeicxAcH4CbvUQ==}
    cpu: [x64]
    os: [win32]

  '@minify-html/node@0.15.0':
    resolution: {integrity: sha512-ANzt6ZBiqtwrepVXRfa0Qn/woCkINFBjQEKiXyBmg7+51mIFQHVAUbAm6UHRrT0L3xoPG0BX0/XI3NqtjK8Vyg==}
    engines: {node: '>= 8.6.0'}
    hasBin: true

  ansi-styles@4.3.0:
    resolution: {integrity: sha512-zbB9rCJAT1rbjiVDb2hqKFHNYLxgtk8NURxZ3IZwD3F6NtxbXZQCnnSi1Lkx+IDohdPlFp222wVALIheZJQSEg==}
    engines: {node: '>=8'}

  chalk@4.1.2:
    resolution: {integrity: sha512-oKnbhFyRIXpUuez8iBMmyEa4nbj4IOQyuhc/wy9kY7/WVPcwIO9VA668Pu8RkO7+0G76SLROeyw9CpQ061i4mA==}
    engines: {node: '>=10'}

  color-convert@2.0.1:
    resolution: {integrity: sha512-RRECPsj7iu/xb5oKYcsFHSppFNnsj/52OVTRKb4zP5onXwVF3zVmmToNcOfGC+CRDpfK/U584fMg38ZHCaElKQ==}
    engines: {node: '>=7.0.0'}

  color-name@1.1.4:
    resolution: {integrity: sha512-dOy+3AuW3a2wNbZHIuMZpTcgjGuLU/uBL/ubcZF9OXbDo8ff4O8yVp5Bf0efS8uEoYo5q4Fx7dY9OgQGXgAsQA==}

  handlebars@4.7.8:
    resolution: {integrity: sha512-vafaFqs8MZkRrSX7sFVUdo3ap/eNiLnb4IakshzvP56X5Nr1iGKAIqdX6tMlm6HcNRIkr6AxO5jFEoJzzpT8aQ==}
    engines: {node: '>=0.4.7'}
    hasBin: true

  has-flag@4.0.0:
    resolution: {integrity: sha512-EykJT/Q1KjTWctppgIAgfSO0tKVuZUjhgMr17kqTumMl6Afv3EISleU7qZUzoXDFTAHTDC4NOoG/ZxU3EvlMPQ==}
    engines: {node: '>=8'}

  minimist@1.2.8:
    resolution: {integrity: sha512-2yyAR8qBkN3YuheJanUpWC5U3bb5osDywNB8RzDVlDwDHbocAJveqqj1u8+SVD7jkWT4yvsHCpWqqWqAxb0zCA==}

  neo-async@2.6.2:
    resolution: {integrity: sha512-Yd3UES5mWCSqR+qNT93S3UoYUkqAZ9lLg8a7g9rimsWmYGK8cVToA4/sF3RrshdyV3sAGMXVUmpMYOw+dLpOuw==}

  source-map@0.6.1:
    resolution: {integrity: sha512-UjgapumWlbMhkBgzT7Ykc5YXUT46F0iKu8SGXq0bcwP5dz/h0Plj6enJqjz1Zbq2l5WaqYnrVbwWOWMyF3F47g==}
    engines: {node: '>=0.10.0'}

  supports-color@7.2.0:
    resolution: {integrity: sha512-qpCAvRl9stuOHveKsn7HncJRvv501qIacKzQlO/+Lwxc9+0q2wLyv4Dfvt80/DPn2pqOBsJdDiogXGR9+OvwRw==}
    engines: {node: '>=8'}

  uglify-js@3.19.3:
    resolution: {integrity: sha512-v3Xu+yuwBXisp6QYTcH4UbH+xYJXqnq2m/LtQVWKWzYc1iehYnLixoQDN9FH6/j9/oybfd6W9Ghwkl8+UMKTKQ==}
    engines: {node: '>=0.8.0'}
    hasBin: true

  wordwrap@1.0.0:
    resolution: {integrity: sha512-gvVzJFlPycKc5dZN4yPkP8w7Dc37BtP1yczEneOb4uq34pXZcvrtRTmWV8W+Ume+XCxKgbjM+nevkyFPMybd4Q==}

  yaml@2.7.1:
    resolution: {integrity: sha512-10ULxpnOCQXxJvBgxsn9ptjq6uviG/htZKk9veJGhlqn3w/DxQ631zFF+nlQXLwmImeS5amR2dl2U8sg6U9jsQ==}
    engines: {node: '>= 14'}
    hasBin: true

snapshots:

  '@minify-html/node-darwin-x64@0.15.0':
    optional: true

  '@minify-html/node-linux-x64@0.15.0':
    optional: true

  '@minify-html/node-win32-x64@0.15.0':
    optional: true

  '@minify-html/node@0.15.0':
    optionalDependencies:
      '@minify-html/node-darwin-x64': 0.15.0
      '@minify-html/node-linux-x64': 0.15.0
      '@minify-html/node-win32-x64': 0.15.0

  ansi-styles@4.3.0:
    dependencies:
      color-convert: 2.0.1

  chalk@4.1.2:
    dependencies:
      ansi-styles: 4.3.0
      supports-color: 7.2.0

  color-convert@2.0.1:
    dependencies:
      color-name: 1.1.4

  color-name@1.1.4: {}

  handlebars@4.7.8:
    dependencies:
      minimist: 1.2.8
      neo-async: 2.6.2
      source-map: 0.6.1
      wordwrap: 1.0.0
    optionalDependencies:
      uglify-js: 3.19.3

  has-flag@4.0.0: {}

  minimist@1.2.8: {}

  neo-async@2.6.2: {}

  source-map@0.6.1: {}

  supports-color@7.2.0:
    dependencies:
      has-flag: 4.0.0

  uglify-js@3.19.3:
    optional: true

  wordwrap@1.0.0: {}

  yaml@2.7.1: {}
