lockfileVersion: '9.0'

settings:
  autoInstallPeers: true
  excludeLinksFromLockfile: false

importers:

  .:
    dependencies:
      fast-blurhash:
        specifier: ^1.1.4
        version: 1.1.4

packages:

  fast-blurhash@1.1.4:
    resolution: {integrity: sha512-xeH121M027hgWHHhHWYYjUmMKl8vCH3PPkXk439ixsP8Bvb/r3UFqg12oMSToD/aSAw8EE6XiTdfZ6M5jaLfzg==}

snapshots:

  fast-blurhash@1.1.4: {}
